
Microsoft Visual Studio Solution File, Format Version 12.00
# Visual Studio 15
VisualStudioVersion = 15.0.27130.2036
MinimumVisualStudioVersion = 10.0.40219.1
Project("{2150E333-8FDC-42A3-9474-1A3956D46DE8}") = ".global", ".global", "{D33D718D-39E6-4FE2-89EF-ED072A3E5AB3}"
	ProjectSection(SolutionItems) = preProject
		appveyor.yml = appveyor.yml
		Build.ps1 = Build.ps1
		ReadMe.md = ReadMe.md
	EndProjectSection
EndProject
Project("{2150E333-8FDC-42A3-9474-1A3956D46DE8}") = "src", "src", "{2C33A9A7-D3C0-4617-979B-4130D01F24D3}"
EndProject
Project("{2150E333-8FDC-42A3-9474-1A3956D46DE8}") = "test", "test", "{E45CD3D5-9694-46FD-968C-C7A06DFD226C}"
EndProject
Project("{FAE04EC0-301F-11D3-BF4B-00C04F79EFBC}") = "Sino.Extensions.AutoMapper", "src\Sino.Extensions.AutoMapper\Sino.Extensions.AutoMapper.csproj", "{011AD890-8709-4FE8-BA73-986FE010C9C2}"
EndProject
Global
	GlobalSection(SolutionConfigurationPlatforms) = preSolution
		Debug|Any CPU = Debug|Any CPU
		Release|Any CPU = Release|Any CPU
	EndGlobalSection
	GlobalSection(ProjectConfigurationPlatforms) = postSolution
		{011AD890-8709-4FE8-BA73-986FE010C9C2}.Debug|Any CPU.ActiveCfg = Debug|Any CPU
		{011AD890-8709-4FE8-BA73-986FE010C9C2}.Debug|Any CPU.Build.0 = Debug|Any CPU
		{011AD890-8709-4FE8-BA73-986FE010C9C2}.Release|Any CPU.ActiveCfg = Release|Any CPU
		{011AD890-8709-4FE8-BA73-986FE010C9C2}.Release|Any CPU.Build.0 = Release|Any CPU
	EndGlobalSection
	GlobalSection(SolutionProperties) = preSolution
		HideSolutionNode = FALSE
	EndGlobalSection
	GlobalSection(NestedProjects) = preSolution
		{011AD890-8709-4FE8-BA73-986FE010C9C2} = {2C33A9A7-D3C0-4617-979B-4130D01F24D3}
	EndGlobalSection
	GlobalSection(ExtensibilityGlobals) = postSolution
		SolutionGuid = {FB7CB70B-3119-478B-A34D-E4F782E3D7DD}
	EndGlobalSection
EndGlobal
